
Microsoft Visual Studio Solution File, Format Version 12.00
# Visual Studio Version 17
VisualStudioVersion = 17.5.33530.505
MinimumVisualStudioVersion = 10.0.40219.1
Project("{8BC9CEB8-8B4A-11D0-8D11-00A0C91BC942}") = "Project3", "Project3\Project3.vcxproj", "{2C596257-E337-429D-9C72-FED1CCC72017}"
EndProject
Project("{54435603-DBB4-11D2-8724-00A0C9A8B90C}") = "Setup1", "Setup1\Setup1.vdproj", "{14C927D8-8499-499F-B96D-350CEF268E49}"
EndProject
Project("{54435603-DBB4-11D2-8724-00A0C9A8B90C}") = "Setup2", "Setup2\Setup2.vdproj", "{8906FA88-99A9-4250-8FB5-0C9FB8E99DF8}"
EndProject
Global
	GlobalSection(SolutionConfigurationPlatforms) = preSolution
		Debug|x64 = Debug|x64
		Debug|x86 = Debug|x86
		Release|x64 = Release|x64
		Release|x86 = Release|x86
	EndGlobalSection
	GlobalSection(ProjectConfigurationPlatforms) = postSolution
		{2C596257-E337-429D-9C72-FED1CCC72017}.Debug|x64.ActiveCfg = Debug|x64
		{2C596257-E337-429D-9C72-FED1CCC72017}.Debug|x64.Build.0 = Debug|x64
		{2C596257-E337-429D-9C72-FED1CCC72017}.Debug|x86.ActiveCfg = Debug|Win32
		{2C596257-E337-429D-9C72-FED1CCC72017}.Debug|x86.Build.0 = Debug|Win32
		{2C596257-E337-429D-9C72-FED1CCC72017}.Release|x64.ActiveCfg = Release|x64
		{2C596257-E337-429D-9C72-FED1CCC72017}.Release|x64.Build.0 = Release|x64
		{2C596257-E337-429D-9C72-FED1CCC72017}.Release|x86.ActiveCfg = Release|Win32
		{2C596257-E337-429D-9C72-FED1CCC72017}.Release|x86.Build.0 = Release|Win32
		{14C927D8-8499-499F-B96D-350CEF268E49}.Debug|x64.ActiveCfg = Debug
		{14C927D8-8499-499F-B96D-350CEF268E49}.Debug|x86.ActiveCfg = Debug
		{14C927D8-8499-499F-B96D-350CEF268E49}.Release|x64.ActiveCfg = Release
		{14C927D8-8499-499F-B96D-350CEF268E49}.Release|x86.ActiveCfg = Release
		{8906FA88-99A9-4250-8FB5-0C9FB8E99DF8}.Debug|x64.ActiveCfg = Debug
		{8906FA88-99A9-4250-8FB5-0C9FB8E99DF8}.Debug|x86.ActiveCfg = Debug
		{8906FA88-99A9-4250-8FB5-0C9FB8E99DF8}.Release|x64.ActiveCfg = Release
		{8906FA88-99A9-4250-8FB5-0C9FB8E99DF8}.Release|x86.ActiveCfg = Release
	EndGlobalSection
	GlobalSection(SolutionProperties) = preSolution
		HideSolutionNode = FALSE
	EndGlobalSection
	GlobalSection(ExtensibilityGlobals) = postSolution
		SolutionGuid = {0DAC2F56-E10F-46D5-ADA9-B2A7B4584A61}
	EndGlobalSection
EndGlobal
